<Solution>
  <Project Path="ListSampla002/ListSampla002.csproj" />
  <Project Path="ListSample001/ListSample001.csproj" />
  <Project Path="ListSample004/ListSample004.csproj" />
  <Project Path="ListSample005/ListSample005.csproj" Id="d679be99-3b29-4123-90ff-f45369440146" />
  <Project Path="ListSample2003/ListSample2003.csproj" />
</Solution>
