<Solution>
  <Project Path="LinqSample015/LinqSample015.csproj" />
  <Project Path="LinqSample016/LinqSample016.csproj" />
  <Project Path="LinqSample017/LinqSample017.csproj" />
  <Project Path="LinqSample20/LinqSample20.csproj" />
  <Project Path="LinqSamples018/LinqSamples018.csproj" />
  <Project Path="LinqSamples021/LinqSamples021.csproj" />
</Solution>
